
Microsoft Visual Studio Solution File, Format Version 12.00
# Visual Studio 15
VisualStudioVersion = 15.0.27703.2042
MinimumVisualStudioVersion = 10.0.40219.1
Project("{8BC9CEB8-8B4A-11D0-8D11-00A0C91BC942}") = "review", "review\review.vcxproj", "{E8D450EC-315D-425F-9C47-19F4292ED9D4}"
EndProject
Global
	GlobalSection(SolutionConfigurationPlatforms) = preSolution
		Debug|x64 = Debug|x64
		Debug|x86 = Debug|x86
		Release|x64 = Release|x64
		Release|x86 = Release|x86
	EndGlobalSection
	GlobalSection(ProjectConfigurationPlatforms) = postSolution
		{E8D450EC-315D-425F-9C47-19F4292ED9D4}.Debug|x64.ActiveCfg = Debug|x64
		{E8D450EC-315D-425F-9C47-19F4292ED9D4}.Debug|x64.Build.0 = Debug|x64
		{E8D450EC-315D-425F-9C47-19F4292ED9D4}.Debug|x86.ActiveCfg = Debug|Win32
		{E8D450EC-315D-425F-9C47-19F4292ED9D4}.Debug|x86.Build.0 = Debug|Win32
		{E8D450EC-315D-425F-9C47-19F4292ED9D4}.Release|x64.ActiveCfg = Release|x64
		{E8D450EC-315D-425F-9C47-19F4292ED9D4}.Release|x64.Build.0 = Release|x64
		{E8D450EC-315D-425F-9C47-19F4292ED9D4}.Release|x86.ActiveCfg = Release|Win32
		{E8D450EC-315D-425F-9C47-19F4292ED9D4}.Release|x86.Build.0 = Release|Win32
	EndGlobalSection
	GlobalSection(SolutionProperties) = preSolution
		HideSolutionNode = FALSE
	EndGlobalSection
	GlobalSection(ExtensibilityGlobals) = postSolution
		SolutionGuid = {2BAB56C1-6839-41E0-BF0B-4F64D256AB10}
	EndGlobalSection
EndGlobal
