
Microsoft Visual Studio Solution File, Format Version 12.00
# Visual Studio 15
VisualStudioVersion = 15.0.27703.2042
MinimumVisualStudioVersion = 10.0.40219.1
Project("{8BC9CEB8-8B4A-11D0-8D11-00A0C91BC942}") = "PerfLab7-2B.c", "PerfLab7-2B.c\PerfLab7-2B.c.vcxproj", "{A8AFF838-E7D2-4831-B8E0-CFC6C863C911}"
EndProject
Global
	GlobalSection(SolutionConfigurationPlatforms) = preSolution
		Debug|x64 = Debug|x64
		Debug|x86 = Debug|x86
		Release|x64 = Release|x64
		Release|x86 = Release|x86
	EndGlobalSection
	GlobalSection(ProjectConfigurationPlatforms) = postSolution
		{A8AFF838-E7D2-4831-B8E0-CFC6C863C911}.Debug|x64.ActiveCfg = Debug|x64
		{A8AFF838-E7D2-4831-B8E0-CFC6C863C911}.Debug|x64.Build.0 = Debug|x64
		{A8AFF838-E7D2-4831-B8E0-CFC6C863C911}.Debug|x86.ActiveCfg = Debug|Win32
		{A8AFF838-E7D2-4831-B8E0-CFC6C863C911}.Debug|x86.Build.0 = Debug|Win32
		{A8AFF838-E7D2-4831-B8E0-CFC6C863C911}.Release|x64.ActiveCfg = Release|x64
		{A8AFF838-E7D2-4831-B8E0-CFC6C863C911}.Release|x64.Build.0 = Release|x64
		{A8AFF838-E7D2-4831-B8E0-CFC6C863C911}.Release|x86.ActiveCfg = Release|Win32
		{A8AFF838-E7D2-4831-B8E0-CFC6C863C911}.Release|x86.Build.0 = Release|Win32
	EndGlobalSection
	GlobalSection(SolutionProperties) = preSolution
		HideSolutionNode = FALSE
	EndGlobalSection
	GlobalSection(ExtensibilityGlobals) = postSolution
		SolutionGuid = {81F6316F-7514-4E7B-994D-278508A2E34B}
	EndGlobalSection
EndGlobal
