
Microsoft Visual Studio Solution File, Format Version 12.00
# Visual Studio 15
VisualStudioVersion = 15.0.27703.2042
MinimumVisualStudioVersion = 10.0.40219.1
Project("{8BC9CEB8-8B4A-11D0-8D11-00A0C91BC942}") = "DemoLab7-4", "DemoLab7-4\DemoLab7-4.vcxproj", "{943DE0FA-3D98-45F9-8865-455B8F7BE820}"
EndProject
Global
	GlobalSection(SolutionConfigurationPlatforms) = preSolution
		Debug|x64 = Debug|x64
		Debug|x86 = Debug|x86
		Release|x64 = Release|x64
		Release|x86 = Release|x86
	EndGlobalSection
	GlobalSection(ProjectConfigurationPlatforms) = postSolution
		{943DE0FA-3D98-45F9-8865-455B8F7BE820}.Debug|x64.ActiveCfg = Debug|x64
		{943DE0FA-3D98-45F9-8865-455B8F7BE820}.Debug|x64.Build.0 = Debug|x64
		{943DE0FA-3D98-45F9-8865-455B8F7BE820}.Debug|x86.ActiveCfg = Debug|Win32
		{943DE0FA-3D98-45F9-8865-455B8F7BE820}.Debug|x86.Build.0 = Debug|Win32
		{943DE0FA-3D98-45F9-8865-455B8F7BE820}.Release|x64.ActiveCfg = Release|x64
		{943DE0FA-3D98-45F9-8865-455B8F7BE820}.Release|x64.Build.0 = Release|x64
		{943DE0FA-3D98-45F9-8865-455B8F7BE820}.Release|x86.ActiveCfg = Release|Win32
		{943DE0FA-3D98-45F9-8865-455B8F7BE820}.Release|x86.Build.0 = Release|Win32
	EndGlobalSection
	GlobalSection(SolutionProperties) = preSolution
		HideSolutionNode = FALSE
	EndGlobalSection
	GlobalSection(ExtensibilityGlobals) = postSolution
		SolutionGuid = {C11C08ED-AAD3-4E48-9726-1C6CEB3444B6}
	EndGlobalSection
EndGlobal
